// !$*UTF8*$!
{
	archiveVersion = 1;
	classes = {
	};
	objectVersion = 50;
	objects = {

/* Begin PBXBuildFile section */
		F0A44F7E23883A0C00036294 /* AppDelegate.swift in Sources */ = {isa = PBXBuildFile; fileRef = F0A44F7D23883A0C00036294 /* AppDelegate.swift */; };
		F0A44F8023883A0C00036294 /* SceneDelegate.swift in Sources */ = {isa = PBXBuildFile; fileRef = F0A44F7F23883A0C00036294 /* SceneDelegate.swift */; };
		F0A44F8223883A0C00036294 /* ViewController.swift in Sources */ = {isa = PBXBuildFile; fileRef = F0A44F8123883A0C00036294 /* ViewController.swift */; };
		F0A44F8523883A0C00036294 /* Main.storyboard in Resources */ = {isa = PBXBuildFile; fileRef = F0A44F8323883A0C00036294 /* Main.storyboard */; };
		F0A44F8723883A1000036294 /* Assets.xcassets in Resources */ = {isa = PBXBuildFile; fileRef = F0A44F8623883A1000036294 /* Assets.xcassets */; };
		F0A44F8A23883A1000036294 /* LaunchScreen.storyboard in Resources */ = {isa = PBXBuildFile; fileRef = F0A44F8823883A1000036294 /* LaunchScreen.storyboard */; };
/* End PBXBuildFile section */

/* Begin PBXFileReference section */
		F0A44F7A23883A0C00036294 /* UIButton-SFSymbol-Squished.app */ = {isa = PBXFileReference; explicitFileType = wrapper.application; includeInIndex = 0; path = UIButton-SFSymbol-Squished.app; sourceTree = BUILT_PRODUCTS_DIR; };
		F0A44F7D23883A0C00036294 /* AppDelegate.swift */ = {isa = PBXFileReference; lastKnownFileType = sourcecode.swift; path = AppDelegate.swift; sourceTree = "<group>"; };
		F0A44F7F23883A0C00036294 /* SceneDelegate.swift */ = {isa = PBXFileReference; lastKnownFileType = sourcecode.swift; path = SceneDelegate.swift; sourceTree = "<group>"; };
		F0A44F8123883A0C00036294 /* ViewController.swift */ = {isa = PBXFileReference; lastKnownFileType = sourcecode.swift; path = ViewController.swift; sourceTree = "<group>"; };
		F0A44F8423883A0C00036294 /* Base */ = {isa = PBXFileReference; lastKnownFileType = file.storyboard; name = Base; path = Base.lproj/Main.storyboard; sourceTree = "<group>"; };
		F0A44F8623883A1000036294 /* Assets.xcassets */ = {isa = PBXFileReference; lastKnownFileType = folder.assetcatalog; path = Assets.xcassets; sourceTree = "<group>"; };
		F0A44F8923883A1000036294 /* Base */ = {isa = PBXFileReference; lastKnownFileType = file.storyboard; name = Base; path = Base.lproj/LaunchScreen.storyboard; sourceTree = "<group>"; };
		F0A44F8B23883A1000036294 /* Info.plist */ = {isa = PBXFileReference; lastKnownFileType = text.plist.xml; path = Info.plist; sourceTree = "<group>"; };
/* End PBXFileReference section */

/* Begin PBXFrameworksBuildPhase section */
		F0A44F7723883A0C00036294 /* Frameworks */ = {
			isa = PBXFrameworksBuildPhase;
			buildActionMask = 2147483647;
			files = (
			);
			runOnlyForDeploymentPostprocessing = 0;
		};
/* End PBXFrameworksBuildPhase section */

/* Begin PBXGroup section */
		F0A44F7123883A0C00036294 = {
			isa = PBXGroup;
			children = (
				F0A44F7C23883A0C00036294 /* UIButton-SFSymbol-Squished */,
				F0A44F7B23883A0C00036294 /* Products */,
			);
			sourceTree = "<group>";
		};
		F0A44F7B23883A0C00036294 /* Products */ = {
			isa = PBXGroup;
			children = (
				F0A44F7A23883A0C00036294 /* UIButton-SFSymbol-Squished.app */,
			);
			name = Products;
			sourceTree = "<group>";
		};
		F0A44F7C23883A0C00036294 /* UIButton-SFSymbol-Squished */ = {
			isa = PBXGroup;
			children = (
				F0A44F7D23883A0C00036294 /* AppDelegate.swift */,
				F0A44F7F23883A0C00036294 /* SceneDelegate.swift */,
				F0A44F8123883A0C00036294 /* ViewController.swift */,
				F0A44F8323883A0C00036294 /* Main.storyboard */,
				F0A44F8623883A1000036294 /* Assets.xcassets */,
				F0A44F8823883A1000036294 /* LaunchScreen.storyboard */,
				F0A44F8B23883A1000036294 /* Info.plist */,
			);
			path = UIButton-SFSymbol-Squished;
			sourceTree = "<group>";
		};
/* End PBXGroup section */

/* Begin PBXNativeTarget section */
		F0A44F7923883A0C00036294 /* UIButton-SFSymbol-Squished */ = {
			isa = PBXNativeTarget;
			buildConfigurationList = F0A44F8E23883A1000036294 /* Build configuration list for PBXNativeTarget "UIButton-SFSymbol-Squished" */;
			buildPhases = (
				F0A44F7623883A0C00036294 /* Sources */,
				F0A44F7723883A0C00036294 /* Frameworks */,
				F0A44F7823883A0C00036294 /* Resources */,
			);
			buildRules = (
			);
			dependencies = (
			);
			name = UIButton-SFSymbol-Squished;
			productName = UIButton-SFSymbol-Squished;
			productReference = F0A44F7A23883A0C00036294 /* UIButton-SFSymbol-Squished.app */;
			productType = "com.apple.product-type.application";
		};
/* End PBXNativeTarget section */

/* Begin PBXProject section */
		F0A44F7223883A0C00036294 /* Project object */ = {
			isa = PBXProject;
			attributes = {
				LastSwiftUpdateCheck = 1120;
				LastUpgradeCheck = 1120;
				ORGANIZATIONNAME = "Guillaume Algis";
				TargetAttributes = {
					F0A44F7923883A0C00036294 = {
						CreatedOnToolsVersion = 11.2.1;
					};
				};
			};
			buildConfigurationList = F0A44F7523883A0C00036294 /* Build configuration list for PBXProject "UIButton-SFSymbol-Squished" */;
			compatibilityVersion = "Xcode 9.3";
			developmentRegion = en;
			hasScannedForEncodings = 0;
			knownRegions = (
				en,
				Base,
			);
			mainGroup = F0A44F7123883A0C00036294;
			productRefGroup = F0A44F7B23883A0C00036294 /* Products */;
			projectDirPath = "";
			projectRoot = "";
			targets = (
				F0A44F7923883A0C00036294 /* UIButton-SFSymbol-Squished */,
			);
		};
/* End PBXProject section */

/* Begin PBXResourcesBuildPhase section */
		F0A44F7823883A0C00036294 /* Resources */ = {
			isa = PBXResourcesBuildPhase;
			buildActionMask = 2147483647;
			files = (
				F0A44F8A23883A1000036294 /* LaunchScreen.storyboard in Resources */,
				F0A44F8723883A1000036294 /* Assets.xcassets in Resources */,
				F0A44F8523883A0C00036294 /* Main.storyboard in Resources */,
			);
			runOnlyForDeploymentPostprocessing = 0;
		};
/* End PBXResourcesBuildPhase section */

/* Begin PBXSourcesBuildPhase section */
		F0A44F7623883A0C00036294 /* Sources */ = {
			isa = PBXSourcesBuildPhase;
			buildActionMask = 2147483647;
			files = (
				F0A44F8223883A0C00036294 /* ViewController.swift in Sources */,
				F0A44F7E23883A0C00036294 /* AppDelegate.swift in Sources */,
				F0A44F8023883A0C00036294 /* SceneDelegate.swift in Sources */,
			);
			runOnlyForDeploymentPostprocessing = 0;
		};
/* End PBXSourcesBuildPhase section */

/* Begin PBXVariantGroup section */
		F0A44F8323883A0C00036294 /* Main.storyboard */ = {
			isa = PBXVariantGroup;
			children = (
				F0A44F8423883A0C00036294 /* Base */,
			);
			name = Main.storyboard;
			sourceTree = "<group>";
		};
		F0A44F8823883A1000036294 /* LaunchScreen.storyboard */ = {
			isa = PBXVariantGroup;
			children = (
				F0A44F8923883A1000036294 /* Base */,
			);
			name = LaunchScreen.storyboard;
			sourceTree = "<group>";
		};
/* End PBXVariantGroup section */

/* Begin XCBuildConfiguration section */
		F0A44F8C23883A1000036294 /* Debug */ = {
			isa = XCBuildConfiguration;
			buildSettings = {
				ALWAYS_SEARCH_USER_PATHS = NO;
				CLANG_ANALYZER_NONNULL = YES;
				CLANG_ANALYZER_NUMBER_OBJECT_CONVERSION = YES_AGGRESSIVE;
				CLANG_CXX_LANGUAGE_STANDARD = "gnu++14";
				CLANG_CXX_LIBRARY = "libc++";
				CLANG_ENABLE_MODULES = YES;
				CLANG_ENABLE_OBJC_ARC = YES;
				CLANG_ENABLE_OBJC_WEAK = YES;
				CLANG_WARN_BLOCK_CAPTURE_AUTORELEASING = YES;
				CLANG_WARN_BOOL_CONVERSION = YES;
				CLANG_WARN_COMMA = YES;
				CLANG_WARN_CONSTANT_CONVERSION = YES;
				CLANG_WARN_DEPRECATED_OBJC_IMPLEMENTATIONS = YES;
				CLANG_WARN_DIRECT_OBJC_ISA_USAGE = YES_ERROR;
				CLANG_WARN_DOCUMENTATION_COMMENTS = YES;
				CLANG_WARN_EMPTY_BODY = YES;
				CLANG_WARN_ENUM_CONVERSION = YES;
				CLANG_WARN_INFINITE_RECURSION = YES;
				CLANG_WARN_INT_CONVERSION = YES;
				CLANG_WARN_NON_LITERAL_NULL_CONVERSION = YES;
				CLANG_WARN_OBJC_IMPLICIT_RETAIN_SELF = YES;
				CLANG_WARN_OBJC_LITERAL_CONVERSION = YES;
				CLANG_WARN_OBJC_ROOT_CLASS = YES_ERROR;
				CLANG_WARN_RANGE_LOOP_ANALYSIS = YES;
				CLANG_WARN_STRICT_PROTOTYPES = YES;
				CLANG_WARN_SUSPICIOUS_MOVE = YES;
				CLANG_WARN_UNGUARDED_AVAILABILITY = YES_AGGRESSIVE;
				CLANG_WARN_UNREACHABLE_CODE = YES;
				CLANG_WARN__DUPLICATE_METHOD_MATCH = YES;
				COPY_PHASE_STRIP = NO;
				DEBUG_INFORMATION_FORMAT = dwarf;
				ENABLE_STRICT_OBJC_MSGSEND = YES;
				ENABLE_TESTABILITY = YES;
				GCC_C_LANGUAGE_STANDARD = gnu11;
				GCC_DYNAMIC_NO_PIC = NO;
				GCC_NO_COMMON_BLOCKS = YES;
				GCC_OPTIMIZATION_LEVEL = 0;
				GCC_PREPROCESSOR_DEFINITIONS = (
					"DEBUG=1",
					"$(inherited)",
				);
				GCC_WARN_64_TO_32_BIT_CONVERSION = YES;
				GCC_WARN_ABOUT_RETURN_TYPE = YES_ERROR;
				GCC_WARN_UNDECLARED_SELECTOR = YES;
				GCC_WARN_UNINITIALIZED_AUTOS = YES_AGGRESSIVE;
				GCC_WARN_UNUSED_FUNCTION = YES;
				GCC_WARN_UNUSED_VARIABLE = YES;
				IPHONEOS_DEPLOYMENT_TARGET = 13.2;
				MTL_ENABLE_DEBUG_INFO = INCLUDE_SOURCE;
				MTL_FAST_MATH = YES;
				ONLY_ACTIVE_ARCH = YES;
				SDKROOT = iphoneos;
				SWIFT_ACTIVE_COMPILATION_CONDITIONS = DEBUG;
				SWIFT_OPTIMIZATION_LEVEL = "-Onone";
			};
			name = Debug;
		};
		F0A44F8D23883A1000036294 /* Release */ = {
			isa = XCBuildConfiguration;
			buildSettings = {
				ALWAYS_SEARCH_USER_PATHS = NO;
				CLANG_ANALYZER_NONNULL = YES;
				CLANG_ANALYZER_NUMBER_OBJECT_CONVERSION = YES_AGGRESSIVE;
				CLANG_CXX_LANGUAGE_STANDARD = "gnu++14";
				CLANG_CXX_LIBRARY = "libc++";
				CLANG_ENABLE_MODULES = YES;
				CLANG_ENABLE_OBJC_ARC = YES;
				CLANG_ENABLE_OBJC_WEAK = YES;
				CLANG_WARN_BLOCK_CAPTURE_AUTORELEASING = YES;
				CLANG_WARN_BOOL_CONVERSION = YES;
				CLANG_WARN_COMMA = YES;
				CLANG_WARN_CONSTANT_CONVERSION = YES;
				CLANG_WARN_DEPRECATED_OBJC_IMPLEMENTATIONS = YES;
				CLANG_WARN_DIRECT_OBJC_ISA_USAGE = YES_ERROR;
				CLANG_WARN_DOCUMENTATION_COMMENTS = YES;
				CLANG_WARN_EMPTY_BODY = YES;
				CLANG_WARN_ENUM_CONVERSION = YES;
				CLANG_WARN_INFINITE_RECURSION = YES;
				CLANG_WARN_INT_CONVERSION = YES;
				CLANG_WARN_NON_LITERAL_NULL_CONVERSION = YES;
				CLANG_WARN_OBJC_IMPLICIT_RETAIN_SELF = YES;
				CLANG_WARN_OBJC_LITERAL_CONVERSION = YES;
				CLANG_WARN_OBJC_ROOT_CLASS = YES_ERROR;
				CLANG_WARN_RANGE_LOOP_ANALYSIS = YES;
				CLANG_WARN_STRICT_PROTOTYPES = YES;
				CLANG_WARN_SUSPICIOUS_MOVE = YES;
				CLANG_WARN_UNGUARDED_AVAILABILITY = YES_AGGRESSIVE;
				CLANG_WARN_UNREACHABLE_CODE = YES;
				CLANG_WARN__DUPLICATE_METHOD_MATCH = YES;
				COPY_PHASE_STRIP = NO;
				DEBUG_INFORMATION_FORMAT = "dwarf-with-dsym";
				ENABLE_NS_ASSERTIONS = NO;
				ENABLE_STRICT_OBJC_MSGSEND = YES;
				GCC_C_LANGUAGE_STANDARD = gnu11;
				GCC_NO_COMMON_BLOCKS = YES;
				GCC_WARN_64_TO_32_BIT_CONVERSION = YES;
				GCC_WARN_ABOUT_RETURN_TYPE = YES_ERROR;
				GCC_WARN_UNDECLARED_SELECTOR = YES;
				GCC_WARN_UNINITIALIZED_AUTOS = YES_AGGRESSIVE;
				GCC_WARN_UNUSED_FUNCTION = YES;
				GCC_WARN_UNUSED_VARIABLE = YES;
				IPHONEOS_DEPLOYMENT_TARGET = 13.2;
				MTL_ENABLE_DEBUG_INFO = NO;
				MTL_FAST_MATH = YES;
				SDKROOT = iphoneos;
				SWIFT_COMPILATION_MODE = wholemodule;
				SWIFT_OPTIMIZATION_LEVEL = "-O";
				VALIDATE_PRODUCT = YES;
			};
			name = Release;
		};
		F0A44F8F23883A1000036294 /* Debug */ = {
			isa = XCBuildConfiguration;
			buildSettings = {
				ASSETCATALOG_COMPILER_APPICON_NAME = AppIcon;
				CODE_SIGN_STYLE = Automatic;
				DEVELOPMENT_TEAM = JAE2Z2NT57;
				INFOPLIST_FILE = UIButton-SFSymbol-Squished/Info.plist;
				LD_RUNPATH_SEARCH_PATHS = (
					"$(inherited)",
					"@executable_path/Frameworks",
				);
				PRODUCT_BUNDLE_IDENTIFIER = com.guillaumealgis.UIButton-SFSymbol-Squished;
				PRODUCT_NAME = "$(TARGET_NAME)";
				SWIFT_VERSION = 5.0;
				TARGETED_DEVICE_FAMILY = "1,2";
			};
			name = Debug;
		};
		F0A44F9023883A1000036294 /* Release */ = {
			isa = XCBuildConfiguration;
			buildSettings = {
				ASSETCATALOG_COMPILER_APPICON_NAME = AppIcon;
				CODE_SIGN_STYLE = Automatic;
				DEVELOPMENT_TEAM = JAE2Z2NT57;
				INFOPLIST_FILE = UIButton-SFSymbol-Squished/Info.plist;
				LD_RUNPATH_SEARCH_PATHS = (
					"$(inherited)",
					"@executable_path/Frameworks",
				);
				PRODUCT_BUNDLE_IDENTIFIER = com.guillaumealgis.UIButton-SFSymbol-Squished;
				PRODUCT_NAME = "$(TARGET_NAME)";
				SWIFT_VERSION = 5.0;
				TARGETED_DEVICE_FAMILY = "1,2";
			};
			name = Release;
		};
/* End XCBuildConfiguration section */

/* Begin XCConfigurationList section */
		F0A44F7523883A0C00036294 /* Build configuration list for PBXProject "UIButton-SFSymbol-Squished" */ = {
			isa = XCConfigurationList;
			buildConfigurations = (
				F0A44F8C23883A1000036294 /* Debug */,
				F0A44F8D23883A1000036294 /* Release */,
			);
			defaultConfigurationIsVisible = 0;
			defaultConfigurationName = Release;
		};
		F0A44F8E23883A1000036294 /* Build configuration list for PBXNativeTarget "UIButton-SFSymbol-Squished" */ = {
			isa = XCConfigurationList;
			buildConfigurations = (
				F0A44F8F23883A1000036294 /* Debug */,
				F0A44F9023883A1000036294 /* Release */,
			);
			defaultConfigurationIsVisible = 0;
			defaultConfigurationName = Release;
		};
/* End XCConfigurationList section */
	};
	rootObject = F0A44F7223883A0C00036294 /* Project object */;
}
